
Microsoft Visual Studio Solution File, Format Version 12.00
# Visual Studio Version 17
VisualStudioVersion = 17.6.33829.357
MinimumVisualStudioVersion = 10.0.40219.1
Project("{FAE04EC0-301F-11D3-BF4B-00C04F79EFBC}") = "Gestao-Admin", "Gestao-Admin\Gestao-Admin.csproj", "{7EAF871A-4FD8-4DBB-947D-E16BDB9DCF9A}"
EndProject
Global
	GlobalSection(SolutionConfigurationPlatforms) = preSolution
		Debug|Any CPU = Debug|Any CPU
		Release|Any CPU = Release|Any CPU
	EndGlobalSection
	GlobalSection(ProjectConfigurationPlatforms) = postSolution
		{7EAF871A-4FD8-4DBB-947D-E16BDB9DCF9A}.Debug|Any CPU.ActiveCfg = Debug|Any CPU
		{7EAF871A-4FD8-4DBB-947D-E16BDB9DCF9A}.Debug|Any CPU.Build.0 = Debug|Any CPU
		{7EAF871A-4FD8-4DBB-947D-E16BDB9DCF9A}.Release|Any CPU.ActiveCfg = Release|Any CPU
		{7EAF871A-4FD8-4DBB-947D-E16BDB9DCF9A}.Release|Any CPU.Build.0 = Release|Any CPU
	EndGlobalSection
	GlobalSection(SolutionProperties) = preSolution
		HideSolutionNode = FALSE
	EndGlobalSection
	GlobalSection(ExtensibilityGlobals) = postSolution
		SolutionGuid = {8A84D20D-96D1-4F45-A972-797A54917E7F}
	EndGlobalSection
EndGlobal
